
Microsoft Visual Studio Solution File, Format Version 12.00
# Visual Studio Version 17
VisualStudioVersion = 17.6.33829.357
MinimumVisualStudioVersion = 10.0.40219.1
Project("{FAE04EC0-301F-11D3-BF4B-00C04F79EFBC}") = "Michelle_Tools", "Michelle_Tools\Michelle_Tools.csproj", "{10741F97-7AF7-47F2-A5A7-C0B3D7BA50AE}"
EndProject
Global
	GlobalSection(SolutionConfigurationPlatforms) = preSolution
		Debug|Any CPU = Debug|Any CPU
		Release|Any CPU = Release|Any CPU
	EndGlobalSection
	GlobalSection(ProjectConfigurationPlatforms) = postSolution
		{10741F97-7AF7-47F2-A5A7-C0B3D7BA50AE}.Debug|Any CPU.ActiveCfg = Debug|Any CPU
		{10741F97-7AF7-47F2-A5A7-C0B3D7BA50AE}.Debug|Any CPU.Build.0 = Debug|Any CPU
		{10741F97-7AF7-47F2-A5A7-C0B3D7BA50AE}.Release|Any CPU.ActiveCfg = Release|Any CPU
		{10741F97-7AF7-47F2-A5A7-C0B3D7BA50AE}.Release|Any CPU.Build.0 = Release|Any CPU
	EndGlobalSection
	GlobalSection(SolutionProperties) = preSolution
		HideSolutionNode = FALSE
	EndGlobalSection
	GlobalSection(ExtensibilityGlobals) = postSolution
		SolutionGuid = {B8997565-247A-4395-92FC-9A3AAB16D891}
	EndGlobalSection
EndGlobal
